
Microsoft Visual Studio Solution File, Format Version 12.00
# Visual Studio Version 17
VisualStudioVersion = 17.14.36511.14 d17.14
MinimumVisualStudioVersion = 10.0.40219.1
Project("{FAE04EC0-301F-11D3-BF4B-00C04F79EFBC}") = "Lab2s2", "Lab2s2\Lab2s2.csproj", "{24357CE9-BF5C-42CD-A3B8-EA858C81DB2B}"
EndProject
Global
	GlobalSection(SolutionConfigurationPlatforms) = preSolution
		Debug|Any CPU = Debug|Any CPU
		Release|Any CPU = Release|Any CPU
	EndGlobalSection
	GlobalSection(ProjectConfigurationPlatforms) = postSolution
		{24357CE9-BF5C-42CD-A3B8-EA858C81DB2B}.Debug|Any CPU.ActiveCfg = Debug|Any CPU
		{24357CE9-BF5C-42CD-A3B8-EA858C81DB2B}.Debug|Any CPU.Build.0 = Debug|Any CPU
		{24357CE9-BF5C-42CD-A3B8-EA858C81DB2B}.Release|Any CPU.ActiveCfg = Release|Any CPU
		{24357CE9-BF5C-42CD-A3B8-EA858C81DB2B}.Release|Any CPU.Build.0 = Release|Any CPU
	EndGlobalSection
	GlobalSection(SolutionProperties) = preSolution
		HideSolutionNode = FALSE
	EndGlobalSection
	GlobalSection(ExtensibilityGlobals) = postSolution
		SolutionGuid = {4442128C-B52E-49EF-8687-3679FE1AB0FF}
	EndGlobalSection
EndGlobal
